
Microsoft Visual Studio Solution File, Format Version 12.00
# Visual Studio Version 17
VisualStudioVersion = 17.12.35527.113 d17.12
MinimumVisualStudioVersion = 10.0.40219.1
Project("{FAE04EC0-301F-11D3-BF4B-00C04F79EFBC}") = "Gold Testing App", "Gold Testing App\Gold Testing App.csproj", "{A8F2F277-2893-4590-B96C-FDA342B985CF}"
EndProject
Global
	GlobalSection(SolutionConfigurationPlatforms) = preSolution
		Debug|Any CPU = Debug|Any CPU
		Release|Any CPU = Release|Any CPU
	EndGlobalSection
	GlobalSection(ProjectConfigurationPlatforms) = postSolution
		{A8F2F277-2893-4590-B96C-FDA342B985CF}.Debug|Any CPU.ActiveCfg = Debug|Any CPU
		{A8F2F277-2893-4590-B96C-FDA342B985CF}.Debug|Any CPU.Build.0 = Debug|Any CPU
		{A8F2F277-2893-4590-B96C-FDA342B985CF}.Release|Any CPU.ActiveCfg = Release|Any CPU
		{A8F2F277-2893-4590-B96C-FDA342B985CF}.Release|Any CPU.Build.0 = Release|Any CPU
	EndGlobalSection
	GlobalSection(SolutionProperties) = preSolution
		HideSolutionNode = FALSE
	EndGlobalSection
EndGlobal
